
Microsoft Visual Studio Solution File, Format Version 12.00
# Visual Studio Version 16
VisualStudioVersion = 16.0.30621.155
MinimumVisualStudioVersion = 10.0.40219.1
Project("{FAE04EC0-301F-11D3-BF4B-00C04F79EFBC}") = "RQE_Prüfung", "RQE_Prüfung\RQE_Prüfung.csproj", "{A6C78FCF-1CC1-4D34-B2FF-0C96B89D97B9}"
EndProject
Global
	GlobalSection(SolutionConfigurationPlatforms) = preSolution
		Debug|Any CPU = Debug|Any CPU
		Release|Any CPU = Release|Any CPU
	EndGlobalSection
	GlobalSection(ProjectConfigurationPlatforms) = postSolution
		{A6C78FCF-1CC1-4D34-B2FF-0C96B89D97B9}.Debug|Any CPU.ActiveCfg = Debug|Any CPU
		{A6C78FCF-1CC1-4D34-B2FF-0C96B89D97B9}.Debug|Any CPU.Build.0 = Debug|Any CPU
		{A6C78FCF-1CC1-4D34-B2FF-0C96B89D97B9}.Release|Any CPU.ActiveCfg = Release|Any CPU
		{A6C78FCF-1CC1-4D34-B2FF-0C96B89D97B9}.Release|Any CPU.Build.0 = Release|Any CPU
	EndGlobalSection
	GlobalSection(SolutionProperties) = preSolution
		HideSolutionNode = FALSE
	EndGlobalSection
	GlobalSection(ExtensibilityGlobals) = postSolution
		SolutionGuid = {00628F04-2E99-4376-A665-BF319D9082F0}
	EndGlobalSection
EndGlobal
